
Microsoft Visual Studio Solution File, Format Version 12.00
# Visual Studio Version 16
VisualStudioVersion = 16.0.30114.105
MinimumVisualStudioVersion = 10.0.40219.1
Project("{2150E333-8FDC-42A3-9474-1A3956D46DE8}") = "src", "src", "{AB458AAC-4470-47AE-A675-E4CB4FEE074B}"
EndProject
Project("{F2A71F9B-5D33-465A-A702-920D77279786}") = "Fable.ShadowStyles", "src\Fable.ShadowStyles\Fable.ShadowStyles.fsproj", "{386CC245-278E-4872-8CF8-9A9FE1374F06}"
EndProject
Global
	GlobalSection(SolutionConfigurationPlatforms) = preSolution
		Debug|Any CPU = Debug|Any CPU
		Release|Any CPU = Release|Any CPU
	EndGlobalSection
	GlobalSection(SolutionProperties) = preSolution
		HideSolutionNode = FALSE
	EndGlobalSection
	GlobalSection(ProjectConfigurationPlatforms) = postSolution
		{386CC245-278E-4872-8CF8-9A9FE1374F06}.Debug|Any CPU.ActiveCfg = Debug|Any CPU
		{386CC245-278E-4872-8CF8-9A9FE1374F06}.Debug|Any CPU.Build.0 = Debug|Any CPU
		{386CC245-278E-4872-8CF8-9A9FE1374F06}.Release|Any CPU.ActiveCfg = Release|Any CPU
		{386CC245-278E-4872-8CF8-9A9FE1374F06}.Release|Any CPU.Build.0 = Release|Any CPU
	EndGlobalSection
	GlobalSection(NestedProjects) = preSolution
		{386CC245-278E-4872-8CF8-9A9FE1374F06} = {AB458AAC-4470-47AE-A675-E4CB4FEE074B}
	EndGlobalSection
EndGlobal
